// !$*UTF8*$!
{
	archiveVersion = 1;
	classes = {
	};
	objectVersion = 56;
	objects = {

/* Begin PBXBuildFile section */
		46A40ED62C4ADA34004E421C /* PwdGenMacApp.swift in Sources */ = {isa = PBXBuildFile; fileRef = 46A40ED52C4ADA34004E421C /* PwdGenMacApp.swift */; };
		46A40ED82C4ADA34004E421C /* ContentView.swift in Sources */ = {isa = PBXBuildFile; fileRef = 46A40ED72C4ADA34004E421C /* ContentView.swift */; };
		46A40EDA2C4ADA35004E421C /* Assets.xcassets in Resources */ = {isa = PBXBuildFile; fileRef = 46A40ED92C4ADA35004E421C /* Assets.xcassets */; };
		46A40EDD2C4ADA35004E421C /* Preview Assets.xcassets in Resources */ = {isa = PBXBuildFile; fileRef = 46A40EDC2C4ADA35004E421C /* Preview Assets.xcassets */; };
		46A40EE82C4ADA35004E421C /* PwdGenMacTests.swift in Sources */ = {isa = PBXBuildFile; fileRef = 46A40EE72C4ADA35004E421C /* PwdGenMacTests.swift */; };
		46A40EF22C4ADA35004E421C /* PwdGenMacUITests.swift in Sources */ = {isa = PBXBuildFile; fileRef = 46A40EF12C4ADA35004E421C /* PwdGenMacUITests.swift */; };
		46A40EF42C4ADA35004E421C /* PwdGenMacUITestsLaunchTests.swift in Sources */ = {isa = PBXBuildFile; fileRef = 46A40EF32C4ADA35004E421C /* PwdGenMacUITestsLaunchTests.swift */; };
		46A40F012C4AE3B3004E421C /* PwdGen.swift in Sources */ = {isa = PBXBuildFile; fileRef = 46A40F002C4AE3B3004E421C /* PwdGen.swift */; };
/* End PBXBuildFile section */

/* Begin PBXContainerItemProxy section */
		46A40EE42C4ADA35004E421C /* PBXContainerItemProxy */ = {
			isa = PBXContainerItemProxy;
			containerPortal = 46A40ECA2C4ADA34004E421C /* Project object */;
			proxyType = 1;
			remoteGlobalIDString = 46A40ED12C4ADA34004E421C;
			remoteInfo = PwdGenMac;
		};
		46A40EEE2C4ADA35004E421C /* PBXContainerItemProxy */ = {
			isa = PBXContainerItemProxy;
			containerPortal = 46A40ECA2C4ADA34004E421C /* Project object */;
			proxyType = 1;
			remoteGlobalIDString = 46A40ED12C4ADA34004E421C;
			remoteInfo = PwdGenMac;
		};
/* End PBXContainerItemProxy section */

/* Begin PBXFileReference section */
		46A40ED22C4ADA34004E421C /* PwdGenMac.app */ = {isa = PBXFileReference; explicitFileType = wrapper.application; includeInIndex = 0; path = PwdGenMac.app; sourceTree = BUILT_PRODUCTS_DIR; };
		46A40ED52C4ADA34004E421C /* PwdGenMacApp.swift */ = {isa = PBXFileReference; lastKnownFileType = sourcecode.swift; path = PwdGenMacApp.swift; sourceTree = "<group>"; };
		46A40ED72C4ADA34004E421C /* ContentView.swift */ = {isa = PBXFileReference; lastKnownFileType = sourcecode.swift; path = ContentView.swift; sourceTree = "<group>"; };
		46A40ED92C4ADA35004E421C /* Assets.xcassets */ = {isa = PBXFileReference; lastKnownFileType = folder.assetcatalog; path = Assets.xcassets; sourceTree = "<group>"; };
		46A40EDC2C4ADA35004E421C /* Preview Assets.xcassets */ = {isa = PBXFileReference; lastKnownFileType = folder.assetcatalog; path = "Preview Assets.xcassets"; sourceTree = "<group>"; };
		46A40EDE2C4ADA35004E421C /* PwdGenMac.entitlements */ = {isa = PBXFileReference; lastKnownFileType = text.plist.entitlements; path = PwdGenMac.entitlements; sourceTree = "<group>"; };
		46A40EE32C4ADA35004E421C /* PwdGenMacTests.xctest */ = {isa = PBXFileReference; explicitFileType = wrapper.cfbundle; includeInIndex = 0; path = PwdGenMacTests.xctest; sourceTree = BUILT_PRODUCTS_DIR; };
		46A40EE72C4ADA35004E421C /* PwdGenMacTests.swift */ = {isa = PBXFileReference; lastKnownFileType = sourcecode.swift; path = PwdGenMacTests.swift; sourceTree = "<group>"; };
		46A40EED2C4ADA35004E421C /* PwdGenMacUITests.xctest */ = {isa = PBXFileReference; explicitFileType = wrapper.cfbundle; includeInIndex = 0; path = PwdGenMacUITests.xctest; sourceTree = BUILT_PRODUCTS_DIR; };
		46A40EF12C4ADA35004E421C /* PwdGenMacUITests.swift */ = {isa = PBXFileReference; lastKnownFileType = sourcecode.swift; path = PwdGenMacUITests.swift; sourceTree = "<group>"; };
		46A40EF32C4ADA35004E421C /* PwdGenMacUITestsLaunchTests.swift */ = {isa = PBXFileReference; lastKnownFileType = sourcecode.swift; path = PwdGenMacUITestsLaunchTests.swift; sourceTree = "<group>"; };
		46A40F002C4AE3B3004E421C /* PwdGen.swift */ = {isa = PBXFileReference; lastKnownFileType = sourcecode.swift; path = PwdGen.swift; sourceTree = "<group>"; };
/* End PBXFileReference section */

/* Begin PBXFrameworksBuildPhase section */
		46A40ECF2C4ADA34004E421C /* Frameworks */ = {
			isa = PBXFrameworksBuildPhase;
			buildActionMask = 2147483647;
			files = (
			);
			runOnlyForDeploymentPostprocessing = 0;
		};
		46A40EE02C4ADA35004E421C /* Frameworks */ = {
			isa = PBXFrameworksBuildPhase;
			buildActionMask = 2147483647;
			files = (
			);
			runOnlyForDeploymentPostprocessing = 0;
		};
		46A40EEA2C4ADA35004E421C /* Frameworks */ = {
			isa = PBXFrameworksBuildPhase;
			buildActionMask = 2147483647;
			files = (
			);
			runOnlyForDeploymentPostprocessing = 0;
		};
/* End PBXFrameworksBuildPhase section */

/* Begin PBXGroup section */
		46A40EC92C4ADA34004E421C = {
			isa = PBXGroup;
			children = (
				46A40ED42C4ADA34004E421C /* PwdGenMac */,
				46A40EE62C4ADA35004E421C /* PwdGenMacTests */,
				46A40EF02C4ADA35004E421C /* PwdGenMacUITests */,
				46A40ED32C4ADA34004E421C /* Products */,
			);
			sourceTree = "<group>";
		};
		46A40ED32C4ADA34004E421C /* Products */ = {
			isa = PBXGroup;
			children = (
				46A40ED22C4ADA34004E421C /* PwdGenMac.app */,
				46A40EE32C4ADA35004E421C /* PwdGenMacTests.xctest */,
				46A40EED2C4ADA35004E421C /* PwdGenMacUITests.xctest */,
			);
			name = Products;
			sourceTree = "<group>";
		};
		46A40ED42C4ADA34004E421C /* PwdGenMac */ = {
			isa = PBXGroup;
			children = (
				46A40ED52C4ADA34004E421C /* PwdGenMacApp.swift */,
				46A40ED72C4ADA34004E421C /* ContentView.swift */,
				46A40ED92C4ADA35004E421C /* Assets.xcassets */,
				46A40EDE2C4ADA35004E421C /* PwdGenMac.entitlements */,
				46A40EDB2C4ADA35004E421C /* Preview Content */,
				46A40F002C4AE3B3004E421C /* PwdGen.swift */,
			);
			path = PwdGenMac;
			sourceTree = "<group>";
		};
		46A40EDB2C4ADA35004E421C /* Preview Content */ = {
			isa = PBXGroup;
			children = (
				46A40EDC2C4ADA35004E421C /* Preview Assets.xcassets */,
			);
			path = "Preview Content";
			sourceTree = "<group>";
		};
		46A40EE62C4ADA35004E421C /* PwdGenMacTests */ = {
			isa = PBXGroup;
			children = (
				46A40EE72C4ADA35004E421C /* PwdGenMacTests.swift */,
			);
			path = PwdGenMacTests;
			sourceTree = "<group>";
		};
		46A40EF02C4ADA35004E421C /* PwdGenMacUITests */ = {
			isa = PBXGroup;
			children = (
				46A40EF12C4ADA35004E421C /* PwdGenMacUITests.swift */,
				46A40EF32C4ADA35004E421C /* PwdGenMacUITestsLaunchTests.swift */,
			);
			path = PwdGenMacUITests;
			sourceTree = "<group>";
		};
/* End PBXGroup section */

/* Begin PBXNativeTarget section */
		46A40ED12C4ADA34004E421C /* PwdGenMac */ = {
			isa = PBXNativeTarget;
			buildConfigurationList = 46A40EF72C4ADA35004E421C /* Build configuration list for PBXNativeTarget "PwdGenMac" */;
			buildPhases = (
				46A40ECE2C4ADA34004E421C /* Sources */,
				46A40ECF2C4ADA34004E421C /* Frameworks */,
				46A40ED02C4ADA34004E421C /* Resources */,
			);
			buildRules = (
			);
			dependencies = (
			);
			name = PwdGenMac;
			productName = PwdGenMac;
			productReference = 46A40ED22C4ADA34004E421C /* PwdGenMac.app */;
			productType = "com.apple.product-type.application";
		};
		46A40EE22C4ADA35004E421C /* PwdGenMacTests */ = {
			isa = PBXNativeTarget;
			buildConfigurationList = 46A40EFA2C4ADA35004E421C /* Build configuration list for PBXNativeTarget "PwdGenMacTests" */;
			buildPhases = (
				46A40EDF2C4ADA35004E421C /* Sources */,
				46A40EE02C4ADA35004E421C /* Frameworks */,
				46A40EE12C4ADA35004E421C /* Resources */,
			);
			buildRules = (
			);
			dependencies = (
				46A40EE52C4ADA35004E421C /* PBXTargetDependency */,
			);
			name = PwdGenMacTests;
			productName = PwdGenMacTests;
			productReference = 46A40EE32C4ADA35004E421C /* PwdGenMacTests.xctest */;
			productType = "com.apple.product-type.bundle.unit-test";
		};
		46A40EEC2C4ADA35004E421C /* PwdGenMacUITests */ = {
			isa = PBXNativeTarget;
			buildConfigurationList = 46A40EFD2C4ADA35004E421C /* Build configuration list for PBXNativeTarget "PwdGenMacUITests" */;
			buildPhases = (
				46A40EE92C4ADA35004E421C /* Sources */,
				46A40EEA2C4ADA35004E421C /* Frameworks */,
				46A40EEB2C4ADA35004E421C /* Resources */,
			);
			buildRules = (
			);
			dependencies = (
				46A40EEF2C4ADA35004E421C /* PBXTargetDependency */,
			);
			name = PwdGenMacUITests;
			productName = PwdGenMacUITests;
			productReference = 46A40EED2C4ADA35004E421C /* PwdGenMacUITests.xctest */;
			productType = "com.apple.product-type.bundle.ui-testing";
		};
/* End PBXNativeTarget section */

/* Begin PBXProject section */
		46A40ECA2C4ADA34004E421C /* Project object */ = {
			isa = PBXProject;
			attributes = {
				BuildIndependentTargetsInParallel = 1;
				LastSwiftUpdateCheck = 1530;
				LastUpgradeCheck = 1530;
				TargetAttributes = {
					46A40ED12C4ADA34004E421C = {
						CreatedOnToolsVersion = 15.3;
					};
					46A40EE22C4ADA35004E421C = {
						CreatedOnToolsVersion = 15.3;
						TestTargetID = 46A40ED12C4ADA34004E421C;
					};
					46A40EEC2C4ADA35004E421C = {
						CreatedOnToolsVersion = 15.3;
						TestTargetID = 46A40ED12C4ADA34004E421C;
					};
				};
			};
			buildConfigurationList = 46A40ECD2C4ADA34004E421C /* Build configuration list for PBXProject "PwdGenMac" */;
			compatibilityVersion = "Xcode 14.0";
			developmentRegion = en;
			hasScannedForEncodings = 0;
			knownRegions = (
				en,
				Base,
			);
			mainGroup = 46A40EC92C4ADA34004E421C;
			productRefGroup = 46A40ED32C4ADA34004E421C /* Products */;
			projectDirPath = "";
			projectRoot = "";
			targets = (
				46A40ED12C4ADA34004E421C /* PwdGenMac */,
				46A40EE22C4ADA35004E421C /* PwdGenMacTests */,
				46A40EEC2C4ADA35004E421C /* PwdGenMacUITests */,
			);
		};
/* End PBXProject section */

/* Begin PBXResourcesBuildPhase section */
		46A40ED02C4ADA34004E421C /* Resources */ = {
			isa = PBXResourcesBuildPhase;
			buildActionMask = 2147483647;
			files = (
				46A40EDD2C4ADA35004E421C /* Preview Assets.xcassets in Resources */,
				46A40EDA2C4ADA35004E421C /* Assets.xcassets in Resources */,
			);
			runOnlyForDeploymentPostprocessing = 0;
		};
		46A40EE12C4ADA35004E421C /* Resources */ = {
			isa = PBXResourcesBuildPhase;
			buildActionMask = 2147483647;
			files = (
			);
			runOnlyForDeploymentPostprocessing = 0;
		};
		46A40EEB2C4ADA35004E421C /* Resources */ = {
			isa = PBXResourcesBuildPhase;
			buildActionMask = 2147483647;
			files = (
			);
			runOnlyForDeploymentPostprocessing = 0;
		};
/* End PBXResourcesBuildPhase section */

/* Begin PBXSourcesBuildPhase section */
		46A40ECE2C4ADA34004E421C /* Sources */ = {
			isa = PBXSourcesBuildPhase;
			buildActionMask = 2147483647;
			files = (
				46A40ED82C4ADA34004E421C /* ContentView.swift in Sources */,
				46A40ED62C4ADA34004E421C /* PwdGenMacApp.swift in Sources */,
				46A40F012C4AE3B3004E421C /* PwdGen.swift in Sources */,
			);
			runOnlyForDeploymentPostprocessing = 0;
		};
		46A40EDF2C4ADA35004E421C /* Sources */ = {
			isa = PBXSourcesBuildPhase;
			buildActionMask = 2147483647;
			files = (
				46A40EE82C4ADA35004E421C /* PwdGenMacTests.swift in Sources */,
			);
			runOnlyForDeploymentPostprocessing = 0;
		};
		46A40EE92C4ADA35004E421C /* Sources */ = {
			isa = PBXSourcesBuildPhase;
			buildActionMask = 2147483647;
			files = (
				46A40EF22C4ADA35004E421C /* PwdGenMacUITests.swift in Sources */,
				46A40EF42C4ADA35004E421C /* PwdGenMacUITestsLaunchTests.swift in Sources */,
			);
			runOnlyForDeploymentPostprocessing = 0;
		};
/* End PBXSourcesBuildPhase section */

/* Begin PBXTargetDependency section */
		46A40EE52C4ADA35004E421C /* PBXTargetDependency */ = {
			isa = PBXTargetDependency;
			target = 46A40ED12C4ADA34004E421C /* PwdGenMac */;
			targetProxy = 46A40EE42C4ADA35004E421C /* PBXContainerItemProxy */;
		};
		46A40EEF2C4ADA35004E421C /* PBXTargetDependency */ = {
			isa = PBXTargetDependency;
			target = 46A40ED12C4ADA34004E421C /* PwdGenMac */;
			targetProxy = 46A40EEE2C4ADA35004E421C /* PBXContainerItemProxy */;
		};
/* End PBXTargetDependency section */

/* Begin XCBuildConfiguration section */
		46A40EF52C4ADA35004E421C /* Debug */ = {
			isa = XCBuildConfiguration;
			buildSettings = {
				ALWAYS_SEARCH_USER_PATHS = NO;
				ASSETCATALOG_COMPILER_GENERATE_SWIFT_ASSET_SYMBOL_EXTENSIONS = YES;
				CLANG_ANALYZER_NONNULL = YES;
				CLANG_ANALYZER_NUMBER_OBJECT_CONVERSION = YES_AGGRESSIVE;
				CLANG_CXX_LANGUAGE_STANDARD = "gnu++20";
				CLANG_ENABLE_MODULES = YES;
				CLANG_ENABLE_OBJC_ARC = YES;
				CLANG_ENABLE_OBJC_WEAK = YES;
				CLANG_WARN_BLOCK_CAPTURE_AUTORELEASING = YES;
				CLANG_WARN_BOOL_CONVERSION = YES;
				CLANG_WARN_COMMA = YES;
				CLANG_WARN_CONSTANT_CONVERSION = YES;
				CLANG_WARN_DEPRECATED_OBJC_IMPLEMENTATIONS = YES;
				CLANG_WARN_DIRECT_OBJC_ISA_USAGE = YES_ERROR;
				CLANG_WARN_DOCUMENTATION_COMMENTS = YES;
				CLANG_WARN_EMPTY_BODY = YES;
				CLANG_WARN_ENUM_CONVERSION = YES;
				CLANG_WARN_INFINITE_RECURSION = YES;
				CLANG_WARN_INT_CONVERSION = YES;
				CLANG_WARN_NON_LITERAL_NULL_CONVERSION = YES;
				CLANG_WARN_OBJC_IMPLICIT_RETAIN_SELF = YES;
				CLANG_WARN_OBJC_LITERAL_CONVERSION = YES;
				CLANG_WARN_OBJC_ROOT_CLASS = YES_ERROR;
				CLANG_WARN_QUOTED_INCLUDE_IN_FRAMEWORK_HEADER = YES;
				CLANG_WARN_RANGE_LOOP_ANALYSIS = YES;
				CLANG_WARN_STRICT_PROTOTYPES = YES;
				CLANG_WARN_SUSPICIOUS_MOVE = YES;
				CLANG_WARN_UNGUARDED_AVAILABILITY = YES_AGGRESSIVE;
				CLANG_WARN_UNREACHABLE_CODE = YES;
				CLANG_WARN__DUPLICATE_METHOD_MATCH = YES;
				COPY_PHASE_STRIP = NO;
				DEBUG_INFORMATION_FORMAT = dwarf;
				ENABLE_STRICT_OBJC_MSGSEND = YES;
				ENABLE_TESTABILITY = YES;
				ENABLE_USER_SCRIPT_SANDBOXING = YES;
				GCC_C_LANGUAGE_STANDARD = gnu17;
				GCC_DYNAMIC_NO_PIC = NO;
				GCC_NO_COMMON_BLOCKS = YES;
				GCC_OPTIMIZATION_LEVEL = 0;
				GCC_PREPROCESSOR_DEFINITIONS = (
					"DEBUG=1",
					"$(inherited)",
				);
				GCC_WARN_64_TO_32_BIT_CONVERSION = YES;
				GCC_WARN_ABOUT_RETURN_TYPE = YES_ERROR;
				GCC_WARN_UNDECLARED_SELECTOR = YES;
				GCC_WARN_UNINITIALIZED_AUTOS = YES_AGGRESSIVE;
				GCC_WARN_UNUSED_FUNCTION = YES;
				GCC_WARN_UNUSED_VARIABLE = YES;
				LOCALIZATION_PREFERS_STRING_CATALOGS = YES;
				MACOSX_DEPLOYMENT_TARGET = 14.3;
				MTL_ENABLE_DEBUG_INFO = INCLUDE_SOURCE;
				MTL_FAST_MATH = YES;
				ONLY_ACTIVE_ARCH = YES;
				SDKROOT = macosx;
				SWIFT_ACTIVE_COMPILATION_CONDITIONS = "DEBUG $(inherited)";
				SWIFT_OPTIMIZATION_LEVEL = "-Onone";
			};
			name = Debug;
		};
		46A40EF62C4ADA35004E421C /* Release */ = {
			isa = XCBuildConfiguration;
			buildSettings = {
				ALWAYS_SEARCH_USER_PATHS = NO;
				ASSETCATALOG_COMPILER_GENERATE_SWIFT_ASSET_SYMBOL_EXTENSIONS = YES;
				CLANG_ANALYZER_NONNULL = YES;
				CLANG_ANALYZER_NUMBER_OBJECT_CONVERSION = YES_AGGRESSIVE;
				CLANG_CXX_LANGUAGE_STANDARD = "gnu++20";
				CLANG_ENABLE_MODULES = YES;
				CLANG_ENABLE_OBJC_ARC = YES;
				CLANG_ENABLE_OBJC_WEAK = YES;
				CLANG_WARN_BLOCK_CAPTURE_AUTORELEASING = YES;
				CLANG_WARN_BOOL_CONVERSION = YES;
				CLANG_WARN_COMMA = YES;
				CLANG_WARN_CONSTANT_CONVERSION = YES;
				CLANG_WARN_DEPRECATED_OBJC_IMPLEMENTATIONS = YES;
				CLANG_WARN_DIRECT_OBJC_ISA_USAGE = YES_ERROR;
				CLANG_WARN_DOCUMENTATION_COMMENTS = YES;
				CLANG_WARN_EMPTY_BODY = YES;
				CLANG_WARN_ENUM_CONVERSION = YES;
				CLANG_WARN_INFINITE_RECURSION = YES;
				CLANG_WARN_INT_CONVERSION = YES;
				CLANG_WARN_NON_LITERAL_NULL_CONVERSION = YES;
				CLANG_WARN_OBJC_IMPLICIT_RETAIN_SELF = YES;
				CLANG_WARN_OBJC_LITERAL_CONVERSION = YES;
				CLANG_WARN_OBJC_ROOT_CLASS = YES_ERROR;
				CLANG_WARN_QUOTED_INCLUDE_IN_FRAMEWORK_HEADER = YES;
				CLANG_WARN_RANGE_LOOP_ANALYSIS = YES;
				CLANG_WARN_STRICT_PROTOTYPES = YES;
				CLANG_WARN_SUSPICIOUS_MOVE = YES;
				CLANG_WARN_UNGUARDED_AVAILABILITY = YES_AGGRESSIVE;
				CLANG_WARN_UNREACHABLE_CODE = YES;
				CLANG_WARN__DUPLICATE_METHOD_MATCH = YES;
				COPY_PHASE_STRIP = NO;
				DEBUG_INFORMATION_FORMAT = "dwarf-with-dsym";
				ENABLE_NS_ASSERTIONS = NO;
				ENABLE_STRICT_OBJC_MSGSEND = YES;
				ENABLE_USER_SCRIPT_SANDBOXING = YES;
				GCC_C_LANGUAGE_STANDARD = gnu17;
				GCC_NO_COMMON_BLOCKS = YES;
				GCC_WARN_64_TO_32_BIT_CONVERSION = YES;
				GCC_WARN_ABOUT_RETURN_TYPE = YES_ERROR;
				GCC_WARN_UNDECLARED_SELECTOR = YES;
				GCC_WARN_UNINITIALIZED_AUTOS = YES_AGGRESSIVE;
				GCC_WARN_UNUSED_FUNCTION = YES;
				GCC_WARN_UNUSED_VARIABLE = YES;
				LOCALIZATION_PREFERS_STRING_CATALOGS = YES;
				MACOSX_DEPLOYMENT_TARGET = 14.3;
				MTL_ENABLE_DEBUG_INFO = NO;
				MTL_FAST_MATH = YES;
				SDKROOT = macosx;
				SWIFT_COMPILATION_MODE = wholemodule;
			};
			name = Release;
		};
		46A40EF82C4ADA35004E421C /* Debug */ = {
			isa = XCBuildConfiguration;
			buildSettings = {
				ASSETCATALOG_COMPILER_APPICON_NAME = AppIcon;
				ASSETCATALOG_COMPILER_GLOBAL_ACCENT_COLOR_NAME = AccentColor;
				CODE_SIGN_ENTITLEMENTS = PwdGenMac/PwdGenMac.entitlements;
				CODE_SIGN_STYLE = Automatic;
				COMBINE_HIDPI_IMAGES = YES;
				CURRENT_PROJECT_VERSION = 1;
				DEVELOPMENT_ASSET_PATHS = "\"PwdGenMac/Preview Content\"";
				ENABLE_PREVIEWS = YES;
				GENERATE_INFOPLIST_FILE = YES;
				INFOPLIST_KEY_NSHumanReadableCopyright = "";
				LD_RUNPATH_SEARCH_PATHS = (
					"$(inherited)",
					"@executable_path/../Frameworks",
				);
				MARKETING_VERSION = 1.0;
				PRODUCT_BUNDLE_IDENTIFIER = vx.PwdGenMac;
				PRODUCT_NAME = "$(TARGET_NAME)";
				SWIFT_EMIT_LOC_STRINGS = YES;
				SWIFT_VERSION = 5.0;
			};
			name = Debug;
		};
		46A40EF92C4ADA35004E421C /* Release */ = {
			isa = XCBuildConfiguration;
			buildSettings = {
				ASSETCATALOG_COMPILER_APPICON_NAME = AppIcon;
				ASSETCATALOG_COMPILER_GLOBAL_ACCENT_COLOR_NAME = AccentColor;
				CODE_SIGN_ENTITLEMENTS = PwdGenMac/PwdGenMac.entitlements;
				CODE_SIGN_STYLE = Automatic;
				COMBINE_HIDPI_IMAGES = YES;
				CURRENT_PROJECT_VERSION = 1;
				DEVELOPMENT_ASSET_PATHS = "\"PwdGenMac/Preview Content\"";
				ENABLE_PREVIEWS = YES;
				GENERATE_INFOPLIST_FILE = YES;
				INFOPLIST_KEY_NSHumanReadableCopyright = "";
				LD_RUNPATH_SEARCH_PATHS = (
					"$(inherited)",
					"@executable_path/../Frameworks",
				);
				MARKETING_VERSION = 1.0;
				PRODUCT_BUNDLE_IDENTIFIER = vx.PwdGenMac;
				PRODUCT_NAME = "$(TARGET_NAME)";
				SWIFT_EMIT_LOC_STRINGS = YES;
				SWIFT_VERSION = 5.0;
			};
			name = Release;
		};
		46A40EFB2C4ADA35004E421C /* Debug */ = {
			isa = XCBuildConfiguration;
			buildSettings = {
				ALWAYS_EMBED_SWIFT_STANDARD_LIBRARIES = YES;
				BUNDLE_LOADER = "$(TEST_HOST)";
				CODE_SIGN_STYLE = Automatic;
				CURRENT_PROJECT_VERSION = 1;
				GENERATE_INFOPLIST_FILE = YES;
				MACOSX_DEPLOYMENT_TARGET = 14.3;
				MARKETING_VERSION = 1.0;
				PRODUCT_BUNDLE_IDENTIFIER = vx.PwdGenMacTests;
				PRODUCT_NAME = "$(TARGET_NAME)";
				SWIFT_EMIT_LOC_STRINGS = NO;
				SWIFT_VERSION = 5.0;
				TEST_HOST = "$(BUILT_PRODUCTS_DIR)/PwdGenMac.app/$(BUNDLE_EXECUTABLE_FOLDER_PATH)/PwdGenMac";
			};
			name = Debug;
		};
		46A40EFC2C4ADA35004E421C /* Release */ = {
			isa = XCBuildConfiguration;
			buildSettings = {
				ALWAYS_EMBED_SWIFT_STANDARD_LIBRARIES = YES;
				BUNDLE_LOADER = "$(TEST_HOST)";
				CODE_SIGN_STYLE = Automatic;
				CURRENT_PROJECT_VERSION = 1;
				GENERATE_INFOPLIST_FILE = YES;
				MACOSX_DEPLOYMENT_TARGET = 14.3;
				MARKETING_VERSION = 1.0;
				PRODUCT_BUNDLE_IDENTIFIER = vx.PwdGenMacTests;
				PRODUCT_NAME = "$(TARGET_NAME)";
				SWIFT_EMIT_LOC_STRINGS = NO;
				SWIFT_VERSION = 5.0;
				TEST_HOST = "$(BUILT_PRODUCTS_DIR)/PwdGenMac.app/$(BUNDLE_EXECUTABLE_FOLDER_PATH)/PwdGenMac";
			};
			name = Release;
		};
		46A40EFE2C4ADA35004E421C /* Debug */ = {
			isa = XCBuildConfiguration;
			buildSettings = {
				ALWAYS_EMBED_SWIFT_STANDARD_LIBRARIES = YES;
				CODE_SIGN_STYLE = Automatic;
				CURRENT_PROJECT_VERSION = 1;
				GENERATE_INFOPLIST_FILE = YES;
				MARKETING_VERSION = 1.0;
				PRODUCT_BUNDLE_IDENTIFIER = vx.PwdGenMacUITests;
				PRODUCT_NAME = "$(TARGET_NAME)";
				SWIFT_EMIT_LOC_STRINGS = NO;
				SWIFT_VERSION = 5.0;
				TEST_TARGET_NAME = PwdGenMac;
			};
			name = Debug;
		};
		46A40EFF2C4ADA35004E421C /* Release */ = {
			isa = XCBuildConfiguration;
			buildSettings = {
				ALWAYS_EMBED_SWIFT_STANDARD_LIBRARIES = YES;
				CODE_SIGN_STYLE = Automatic;
				CURRENT_PROJECT_VERSION = 1;
				GENERATE_INFOPLIST_FILE = YES;
				MARKETING_VERSION = 1.0;
				PRODUCT_BUNDLE_IDENTIFIER = vx.PwdGenMacUITests;
				PRODUCT_NAME = "$(TARGET_NAME)";
				SWIFT_EMIT_LOC_STRINGS = NO;
				SWIFT_VERSION = 5.0;
				TEST_TARGET_NAME = PwdGenMac;
			};
			name = Release;
		};
/* End XCBuildConfiguration section */

/* Begin XCConfigurationList section */
		46A40ECD2C4ADA34004E421C /* Build configuration list for PBXProject "PwdGenMac" */ = {
			isa = XCConfigurationList;
			buildConfigurations = (
				46A40EF52C4ADA35004E421C /* Debug */,
				46A40EF62C4ADA35004E421C /* Release */,
			);
			defaultConfigurationIsVisible = 0;
			defaultConfigurationName = Release;
		};
		46A40EF72C4ADA35004E421C /* Build configuration list for PBXNativeTarget "PwdGenMac" */ = {
			isa = XCConfigurationList;
			buildConfigurations = (
				46A40EF82C4ADA35004E421C /* Debug */,
				46A40EF92C4ADA35004E421C /* Release */,
			);
			defaultConfigurationIsVisible = 0;
			defaultConfigurationName = Release;
		};
		46A40EFA2C4ADA35004E421C /* Build configuration list for PBXNativeTarget "PwdGenMacTests" */ = {
			isa = XCConfigurationList;
			buildConfigurations = (
				46A40EFB2C4ADA35004E421C /* Debug */,
				46A40EFC2C4ADA35004E421C /* Release */,
			);
			defaultConfigurationIsVisible = 0;
			defaultConfigurationName = Release;
		};
		46A40EFD2C4ADA35004E421C /* Build configuration list for PBXNativeTarget "PwdGenMacUITests" */ = {
			isa = XCConfigurationList;
			buildConfigurations = (
				46A40EFE2C4ADA35004E421C /* Debug */,
				46A40EFF2C4ADA35004E421C /* Release */,
			);
			defaultConfigurationIsVisible = 0;
			defaultConfigurationName = Release;
		};
/* End XCConfigurationList section */
	};
	rootObject = 46A40ECA2C4ADA34004E421C /* Project object */;
}
